
Microsoft Visual Studio Solution File, Format Version 12.00
# Visual Studio Version 17
VisualStudioVersion = 17.9.34728.123
MinimumVisualStudioVersion = 10.0.40219.1
Project("{9A19103F-16F7-4668-BE54-9A1E7A4F7556}") = "Altium.Tests", "Altium.Tests\Altium.Tests.csproj", "{D3460889-499C-4A38-908F-A55563419B1D}"
EndProject
Project("{9A19103F-16F7-4668-BE54-9A1E7A4F7556}") = "Altium.Core", "Altium.Core\Altium.Core.csproj", "{5F97E7A0-54B8-4E5A-BB9B-F5385E10D6BF}"
EndProject
Project("{9A19103F-16F7-4668-BE54-9A1E7A4F7556}") = "Altium.Utility.Sort", "Altium.Utility.Sort\Altium.Utility.Sort.csproj", "{3C765D6E-C548-4134-8F85-6BEBBB245A31}"
EndProject
Project("{9A19103F-16F7-4668-BE54-9A1E7A4F7556}") = "Altium.Utility.NewFile", "Altium.Utility.NewFile\Altium.Utility.NewFile.csproj", "{3DF1B17F-18A7-4287-9C0C-BC98C0AADD52}"
EndProject
Global
	GlobalSection(SolutionConfigurationPlatforms) = preSolution
		Debug|Any CPU = Debug|Any CPU
		Release|Any CPU = Release|Any CPU
	EndGlobalSection
	GlobalSection(ProjectConfigurationPlatforms) = postSolution
		{D3460889-499C-4A38-908F-A55563419B1D}.Debug|Any CPU.ActiveCfg = Debug|Any CPU
		{D3460889-499C-4A38-908F-A55563419B1D}.Debug|Any CPU.Build.0 = Debug|Any CPU
		{D3460889-499C-4A38-908F-A55563419B1D}.Release|Any CPU.ActiveCfg = Release|Any CPU
		{D3460889-499C-4A38-908F-A55563419B1D}.Release|Any CPU.Build.0 = Release|Any CPU
		{5F97E7A0-54B8-4E5A-BB9B-F5385E10D6BF}.Debug|Any CPU.ActiveCfg = Debug|Any CPU
		{5F97E7A0-54B8-4E5A-BB9B-F5385E10D6BF}.Debug|Any CPU.Build.0 = Debug|Any CPU
		{5F97E7A0-54B8-4E5A-BB9B-F5385E10D6BF}.Release|Any CPU.ActiveCfg = Release|Any CPU
		{5F97E7A0-54B8-4E5A-BB9B-F5385E10D6BF}.Release|Any CPU.Build.0 = Release|Any CPU
		{3C765D6E-C548-4134-8F85-6BEBBB245A31}.Debug|Any CPU.ActiveCfg = Debug|Any CPU
		{3C765D6E-C548-4134-8F85-6BEBBB245A31}.Debug|Any CPU.Build.0 = Debug|Any CPU
		{3C765D6E-C548-4134-8F85-6BEBBB245A31}.Release|Any CPU.ActiveCfg = Release|Any CPU
		{3C765D6E-C548-4134-8F85-6BEBBB245A31}.Release|Any CPU.Build.0 = Release|Any CPU
		{3DF1B17F-18A7-4287-9C0C-BC98C0AADD52}.Debug|Any CPU.ActiveCfg = Debug|Any CPU
		{3DF1B17F-18A7-4287-9C0C-BC98C0AADD52}.Debug|Any CPU.Build.0 = Debug|Any CPU
		{3DF1B17F-18A7-4287-9C0C-BC98C0AADD52}.Release|Any CPU.ActiveCfg = Release|Any CPU
		{3DF1B17F-18A7-4287-9C0C-BC98C0AADD52}.Release|Any CPU.Build.0 = Release|Any CPU
	EndGlobalSection
	GlobalSection(SolutionProperties) = preSolution
		HideSolutionNode = FALSE
	EndGlobalSection
	GlobalSection(ExtensibilityGlobals) = postSolution
		SolutionGuid = {E24DE064-00D4-494C-9E49-737980BFF354}
	EndGlobalSection
EndGlobal
